// !$*UTF8*$!
{
	archiveVersion = 1;
	classes = {
	};
	objectVersion = 46;
	objects = {

/* Begin PBXBuildFile section */
		B50D4ABA1931C95200402040 /* Foundation.framework in Frameworks */ = {isa = PBXBuildFile; fileRef = B50D4AB91931C95200402040 /* Foundation.framework */; };
		B50D4ABC1931C95200402040 /* CoreGraphics.framework in Frameworks */ = {isa = PBXBuildFile; fileRef = B50D4ABB1931C95200402040 /* CoreGraphics.framework */; };
		B50D4ABE1931C95200402040 /* UIKit.framework in Frameworks */ = {isa = PBXBuildFile; fileRef = B50D4ABD1931C95200402040 /* UIKit.framework */; };
		B50D4AC41931C95200402040 /* InfoPlist.strings in Resources */ = {isa = PBXBuildFile; fileRef = B50D4AC21931C95200402040 /* InfoPlist.strings */; };
		B50D4AC61931C95200402040 /* main.m in Sources */ = {isa = PBXBuildFile; fileRef = B50D4AC51931C95200402040 /* main.m */; };
		B50D4ACA1931C95200402040 /* AppDelegate.m in Sources */ = {isa = PBXBuildFile; fileRef = B50D4AC91931C95200402040 /* AppDelegate.m */; };
		B50D4ACC1931C95200402040 /* Images.xcassets in Resources */ = {isa = PBXBuildFile; fileRef = B50D4ACB1931C95200402040 /* Images.xcassets */; };
		B50D4AD31931C95300402040 /* XCTest.framework in Frameworks */ = {isa = PBXBuildFile; fileRef = B50D4AD21931C95300402040 /* XCTest.framework */; };
		B50D4AD41931C95300402040 /* Foundation.framework in Frameworks */ = {isa = PBXBuildFile; fileRef = B50D4AB91931C95200402040 /* Foundation.framework */; };
		B50D4AD51931C95300402040 /* UIKit.framework in Frameworks */ = {isa = PBXBuildFile; fileRef = B50D4ABD1931C95200402040 /* UIKit.framework */; };
		B50D4ADD1931C95300402040 /* InfoPlist.strings in Resources */ = {isa = PBXBuildFile; fileRef = B50D4ADB1931C95300402040 /* InfoPlist.strings */; };
		B50D4ADF1931C95300402040 /* EasyDataTests.m in Sources */ = {isa = PBXBuildFile; fileRef = B50D4ADE1931C95300402040 /* EasyDataTests.m */; };
		B50D4AEA1931C97800402040 /* EasyDataInitializer.m in Sources */ = {isa = PBXBuildFile; fileRef = B50D4AE91931C97800402040 /* EasyDataInitializer.m */; };
/* End PBXBuildFile section */

/* Begin PBXContainerItemProxy section */
		B50D4AD61931C95300402040 /* PBXContainerItemProxy */ = {
			isa = PBXContainerItemProxy;
			containerPortal = B50D4AAE1931C95200402040 /* Project object */;
			proxyType = 1;
			remoteGlobalIDString = B50D4AB51931C95200402040;
			remoteInfo = EasyData;
		};
/* End PBXContainerItemProxy section */

/* Begin PBXFileReference section */
		B50D4AB61931C95200402040 /* EasyData.app */ = {isa = PBXFileReference; explicitFileType = wrapper.application; includeInIndex = 0; path = EasyData.app; sourceTree = BUILT_PRODUCTS_DIR; };
		B50D4AB91931C95200402040 /* Foundation.framework */ = {isa = PBXFileReference; lastKnownFileType = wrapper.framework; name = Foundation.framework; path = System/Library/Frameworks/Foundation.framework; sourceTree = SDKROOT; };
		B50D4ABB1931C95200402040 /* CoreGraphics.framework */ = {isa = PBXFileReference; lastKnownFileType = wrapper.framework; name = CoreGraphics.framework; path = System/Library/Frameworks/CoreGraphics.framework; sourceTree = SDKROOT; };
		B50D4ABD1931C95200402040 /* UIKit.framework */ = {isa = PBXFileReference; lastKnownFileType = wrapper.framework; name = UIKit.framework; path = System/Library/Frameworks/UIKit.framework; sourceTree = SDKROOT; };
		B50D4AC11931C95200402040 /* EasyData-Info.plist */ = {isa = PBXFileReference; lastKnownFileType = text.plist.xml; path = "EasyData-Info.plist"; sourceTree = "<group>"; };
		B50D4AC31931C95200402040 /* en */ = {isa = PBXFileReference; lastKnownFileType = text.plist.strings; name = en; path = en.lproj/InfoPlist.strings; sourceTree = "<group>"; };
		B50D4AC51931C95200402040 /* main.m */ = {isa = PBXFileReference; lastKnownFileType = sourcecode.c.objc; path = main.m; sourceTree = "<group>"; };
		B50D4AC71931C95200402040 /* EasyData-Prefix.pch */ = {isa = PBXFileReference; lastKnownFileType = sourcecode.c.h; path = "EasyData-Prefix.pch"; sourceTree = "<group>"; };
		B50D4AC81931C95200402040 /* AppDelegate.h */ = {isa = PBXFileReference; lastKnownFileType = sourcecode.c.h; path = AppDelegate.h; sourceTree = "<group>"; };
		B50D4AC91931C95200402040 /* AppDelegate.m */ = {isa = PBXFileReference; lastKnownFileType = sourcecode.c.objc; path = AppDelegate.m; sourceTree = "<group>"; };
		B50D4ACB1931C95200402040 /* Images.xcassets */ = {isa = PBXFileReference; lastKnownFileType = folder.assetcatalog; path = Images.xcassets; sourceTree = "<group>"; };
		B50D4AD11931C95300402040 /* EasyDataTests.xctest */ = {isa = PBXFileReference; explicitFileType = wrapper.cfbundle; includeInIndex = 0; path = EasyDataTests.xctest; sourceTree = BUILT_PRODUCTS_DIR; };
		B50D4AD21931C95300402040 /* XCTest.framework */ = {isa = PBXFileReference; lastKnownFileType = wrapper.framework; name = XCTest.framework; path = Library/Frameworks/XCTest.framework; sourceTree = DEVELOPER_DIR; };
		B50D4ADA1931C95300402040 /* EasyDataTests-Info.plist */ = {isa = PBXFileReference; lastKnownFileType = text.plist.xml; path = "EasyDataTests-Info.plist"; sourceTree = "<group>"; };
		B50D4ADC1931C95300402040 /* en */ = {isa = PBXFileReference; lastKnownFileType = text.plist.strings; name = en; path = en.lproj/InfoPlist.strings; sourceTree = "<group>"; };
		B50D4ADE1931C95300402040 /* EasyDataTests.m */ = {isa = PBXFileReference; lastKnownFileType = sourcecode.c.objc; path = EasyDataTests.m; sourceTree = "<group>"; };
		B50D4AE81931C97800402040 /* EasyDataInitializer.h */ = {isa = PBXFileReference; fileEncoding = 4; lastKnownFileType = sourcecode.c.h; path = EasyDataInitializer.h; sourceTree = "<group>"; };
		B50D4AE91931C97800402040 /* EasyDataInitializer.m */ = {isa = PBXFileReference; fileEncoding = 4; lastKnownFileType = sourcecode.c.objc; path = EasyDataInitializer.m; sourceTree = "<group>"; };
/* End PBXFileReference section */

/* Begin PBXFrameworksBuildPhase section */
		B50D4AB31931C95200402040 /* Frameworks */ = {
			isa = PBXFrameworksBuildPhase;
			buildActionMask = 2147483647;
			files = (
				B50D4ABC1931C95200402040 /* CoreGraphics.framework in Frameworks */,
				B50D4ABE1931C95200402040 /* UIKit.framework in Frameworks */,
				B50D4ABA1931C95200402040 /* Foundation.framework in Frameworks */,
			);
			runOnlyForDeploymentPostprocessing = 0;
		};
		B50D4ACE1931C95300402040 /* Frameworks */ = {
			isa = PBXFrameworksBuildPhase;
			buildActionMask = 2147483647;
			files = (
				B50D4AD31931C95300402040 /* XCTest.framework in Frameworks */,
				B50D4AD51931C95300402040 /* UIKit.framework in Frameworks */,
				B50D4AD41931C95300402040 /* Foundation.framework in Frameworks */,
			);
			runOnlyForDeploymentPostprocessing = 0;
		};
/* End PBXFrameworksBuildPhase section */

/* Begin PBXGroup section */
		B50D4AAD1931C95200402040 = {
			isa = PBXGroup;
			children = (
				B50D4ABF1931C95200402040 /* EasyData */,
				B50D4AD81931C95300402040 /* EasyDataTests */,
				B50D4AB81931C95200402040 /* Frameworks */,
				B50D4AB71931C95200402040 /* Products */,
			);
			sourceTree = "<group>";
		};
		B50D4AB71931C95200402040 /* Products */ = {
			isa = PBXGroup;
			children = (
				B50D4AB61931C95200402040 /* EasyData.app */,
				B50D4AD11931C95300402040 /* EasyDataTests.xctest */,
			);
			name = Products;
			sourceTree = "<group>";
		};
		B50D4AB81931C95200402040 /* Frameworks */ = {
			isa = PBXGroup;
			children = (
				B50D4AB91931C95200402040 /* Foundation.framework */,
				B50D4ABB1931C95200402040 /* CoreGraphics.framework */,
				B50D4ABD1931C95200402040 /* UIKit.framework */,
				B50D4AD21931C95300402040 /* XCTest.framework */,
			);
			name = Frameworks;
			sourceTree = "<group>";
		};
		B50D4ABF1931C95200402040 /* EasyData */ = {
			isa = PBXGroup;
			children = (
				B50D4AC81931C95200402040 /* AppDelegate.h */,
				B50D4AC91931C95200402040 /* AppDelegate.m */,
				B50D4AE81931C97800402040 /* EasyDataInitializer.h */,
				B50D4AE91931C97800402040 /* EasyDataInitializer.m */,
				B50D4ACB1931C95200402040 /* Images.xcassets */,
				B50D4AC01931C95200402040 /* Supporting Files */,
			);
			path = EasyData;
			sourceTree = "<group>";
		};
		B50D4AC01931C95200402040 /* Supporting Files */ = {
			isa = PBXGroup;
			children = (
				B50D4AC11931C95200402040 /* EasyData-Info.plist */,
				B50D4AC21931C95200402040 /* InfoPlist.strings */,
				B50D4AC51931C95200402040 /* main.m */,
				B50D4AC71931C95200402040 /* EasyData-Prefix.pch */,
			);
			name = "Supporting Files";
			sourceTree = "<group>";
		};
		B50D4AD81931C95300402040 /* EasyDataTests */ = {
			isa = PBXGroup;
			children = (
				B50D4ADE1931C95300402040 /* EasyDataTests.m */,
				B50D4AD91931C95300402040 /* Supporting Files */,
			);
			path = EasyDataTests;
			sourceTree = "<group>";
		};
		B50D4AD91931C95300402040 /* Supporting Files */ = {
			isa = PBXGroup;
			children = (
				B50D4ADA1931C95300402040 /* EasyDataTests-Info.plist */,
				B50D4ADB1931C95300402040 /* InfoPlist.strings */,
			);
			name = "Supporting Files";
			sourceTree = "<group>";
		};
/* End PBXGroup section */

/* Begin PBXNativeTarget section */
		B50D4AB51931C95200402040 /* EasyData */ = {
			isa = PBXNativeTarget;
			buildConfigurationList = B50D4AE21931C95300402040 /* Build configuration list for PBXNativeTarget "EasyData" */;
			buildPhases = (
				B50D4AB21931C95200402040 /* Sources */,
				B50D4AB31931C95200402040 /* Frameworks */,
				B50D4AB41931C95200402040 /* Resources */,
			);
			buildRules = (
			);
			dependencies = (
			);
			name = EasyData;
			productName = EasyData;
			productReference = B50D4AB61931C95200402040 /* EasyData.app */;
			productType = "com.apple.product-type.application";
		};
		B50D4AD01931C95300402040 /* EasyDataTests */ = {
			isa = PBXNativeTarget;
			buildConfigurationList = B50D4AE51931C95300402040 /* Build configuration list for PBXNativeTarget "EasyDataTests" */;
			buildPhases = (
				B50D4ACD1931C95300402040 /* Sources */,
				B50D4ACE1931C95300402040 /* Frameworks */,
				B50D4ACF1931C95300402040 /* Resources */,
			);
			buildRules = (
			);
			dependencies = (
				B50D4AD71931C95300402040 /* PBXTargetDependency */,
			);
			name = EasyDataTests;
			productName = EasyDataTests;
			productReference = B50D4AD11931C95300402040 /* EasyDataTests.xctest */;
			productType = "com.apple.product-type.bundle.unit-test";
		};
/* End PBXNativeTarget section */

/* Begin PBXProject section */
		B50D4AAE1931C95200402040 /* Project object */ = {
			isa = PBXProject;
			attributes = {
				LastUpgradeCheck = 0510;
				ORGANIZATIONNAME = "Benjamin Martin";
				TargetAttributes = {
					B50D4AD01931C95300402040 = {
						TestTargetID = B50D4AB51931C95200402040;
					};
				};
			};
			buildConfigurationList = B50D4AB11931C95200402040 /* Build configuration list for PBXProject "EasyData" */;
			compatibilityVersion = "Xcode 3.2";
			developmentRegion = English;
			hasScannedForEncodings = 0;
			knownRegions = (
				en,
			);
			mainGroup = B50D4AAD1931C95200402040;
			productRefGroup = B50D4AB71931C95200402040 /* Products */;
			projectDirPath = "";
			projectRoot = "";
			targets = (
				B50D4AB51931C95200402040 /* EasyData */,
				B50D4AD01931C95300402040 /* EasyDataTests */,
			);
		};
/* End PBXProject section */

/* Begin PBXResourcesBuildPhase section */
		B50D4AB41931C95200402040 /* Resources */ = {
			isa = PBXResourcesBuildPhase;
			buildActionMask = 2147483647;
			files = (
				B50D4AC41931C95200402040 /* InfoPlist.strings in Resources */,
				B50D4ACC1931C95200402040 /* Images.xcassets in Resources */,
			);
			runOnlyForDeploymentPostprocessing = 0;
		};
		B50D4ACF1931C95300402040 /* Resources */ = {
			isa = PBXResourcesBuildPhase;
			buildActionMask = 2147483647;
			files = (
				B50D4ADD1931C95300402040 /* InfoPlist.strings in Resources */,
			);
			runOnlyForDeploymentPostprocessing = 0;
		};
/* End PBXResourcesBuildPhase section */

/* Begin PBXSourcesBuildPhase section */
		B50D4AB21931C95200402040 /* Sources */ = {
			isa = PBXSourcesBuildPhase;
			buildActionMask = 2147483647;
			files = (
				B50D4ACA1931C95200402040 /* AppDelegate.m in Sources */,
				B50D4AEA1931C97800402040 /* EasyDataInitializer.m in Sources */,
				B50D4AC61931C95200402040 /* main.m in Sources */,
			);
			runOnlyForDeploymentPostprocessing = 0;
		};
		B50D4ACD1931C95300402040 /* Sources */ = {
			isa = PBXSourcesBuildPhase;
			buildActionMask = 2147483647;
			files = (
				B50D4ADF1931C95300402040 /* EasyDataTests.m in Sources */,
			);
			runOnlyForDeploymentPostprocessing = 0;
		};
/* End PBXSourcesBuildPhase section */

/* Begin PBXTargetDependency section */
		B50D4AD71931C95300402040 /* PBXTargetDependency */ = {
			isa = PBXTargetDependency;
			target = B50D4AB51931C95200402040 /* EasyData */;
			targetProxy = B50D4AD61931C95300402040 /* PBXContainerItemProxy */;
		};
/* End PBXTargetDependency section */

/* Begin PBXVariantGroup section */
		B50D4AC21931C95200402040 /* InfoPlist.strings */ = {
			isa = PBXVariantGroup;
			children = (
				B50D4AC31931C95200402040 /* en */,
			);
			name = InfoPlist.strings;
			sourceTree = "<group>";
		};
		B50D4ADB1931C95300402040 /* InfoPlist.strings */ = {
			isa = PBXVariantGroup;
			children = (
				B50D4ADC1931C95300402040 /* en */,
			);
			name = InfoPlist.strings;
			sourceTree = "<group>";
		};
/* End PBXVariantGroup section */

/* Begin XCBuildConfiguration section */
		B50D4AE01931C95300402040 /* Debug */ = {
			isa = XCBuildConfiguration;
			buildSettings = {
				ALWAYS_SEARCH_USER_PATHS = NO;
				CLANG_CXX_LANGUAGE_STANDARD = "gnu++0x";
				CLANG_CXX_LIBRARY = "libc++";
				CLANG_ENABLE_MODULES = YES;
				CLANG_ENABLE_OBJC_ARC = YES;
				CLANG_WARN_BOOL_CONVERSION = YES;
				CLANG_WARN_CONSTANT_CONVERSION = YES;
				CLANG_WARN_DIRECT_OBJC_ISA_USAGE = YES_ERROR;
				CLANG_WARN_EMPTY_BODY = YES;
				CLANG_WARN_ENUM_CONVERSION = YES;
				CLANG_WARN_INT_CONVERSION = YES;
				CLANG_WARN_OBJC_ROOT_CLASS = YES_ERROR;
				CLANG_WARN__DUPLICATE_METHOD_MATCH = YES;
				"CODE_SIGN_IDENTITY[sdk=iphoneos*]" = "iPhone Developer";
				COPY_PHASE_STRIP = NO;
				GCC_C_LANGUAGE_STANDARD = gnu99;
				GCC_DYNAMIC_NO_PIC = NO;
				GCC_OPTIMIZATION_LEVEL = 0;
				GCC_PREPROCESSOR_DEFINITIONS = (
					"DEBUG=1",
					"$(inherited)",
				);
				GCC_SYMBOLS_PRIVATE_EXTERN = NO;
				GCC_WARN_64_TO_32_BIT_CONVERSION = YES;
				GCC_WARN_ABOUT_RETURN_TYPE = YES_ERROR;
				GCC_WARN_UNDECLARED_SELECTOR = YES;
				GCC_WARN_UNINITIALIZED_AUTOS = YES_AGGRESSIVE;
				GCC_WARN_UNUSED_FUNCTION = YES;
				GCC_WARN_UNUSED_VARIABLE = YES;
				IPHONEOS_DEPLOYMENT_TARGET = 7.1;
				ONLY_ACTIVE_ARCH = YES;
				SDKROOT = iphoneos;
			};
			name = Debug;
		};
		B50D4AE11931C95300402040 /* Release */ = {
			isa = XCBuildConfiguration;
			buildSettings = {
				ALWAYS_SEARCH_USER_PATHS = NO;
				CLANG_CXX_LANGUAGE_STANDARD = "gnu++0x";
				CLANG_CXX_LIBRARY = "libc++";
				CLANG_ENABLE_MODULES = YES;
				CLANG_ENABLE_OBJC_ARC = YES;
				CLANG_WARN_BOOL_CONVERSION = YES;
				CLANG_WARN_CONSTANT_CONVERSION = YES;
				CLANG_WARN_DIRECT_OBJC_ISA_USAGE = YES_ERROR;
				CLANG_WARN_EMPTY_BODY = YES;
				CLANG_WARN_ENUM_CONVERSION = YES;
				CLANG_WARN_INT_CONVERSION = YES;
				CLANG_WARN_OBJC_ROOT_CLASS = YES_ERROR;
				CLANG_WARN__DUPLICATE_METHOD_MATCH = YES;
				"CODE_SIGN_IDENTITY[sdk=iphoneos*]" = "iPhone Developer";
				COPY_PHASE_STRIP = YES;
				ENABLE_NS_ASSERTIONS = NO;
				GCC_C_LANGUAGE_STANDARD = gnu99;
				GCC_WARN_64_TO_32_BIT_CONVERSION = YES;
				GCC_WARN_ABOUT_RETURN_TYPE = YES_ERROR;
				GCC_WARN_UNDECLARED_SELECTOR = YES;
				GCC_WARN_UNINITIALIZED_AUTOS = YES_AGGRESSIVE;
				GCC_WARN_UNUSED_FUNCTION = YES;
				GCC_WARN_UNUSED_VARIABLE = YES;
				IPHONEOS_DEPLOYMENT_TARGET = 7.1;
				SDKROOT = iphoneos;
				VALIDATE_PRODUCT = YES;
			};
			name = Release;
		};
		B50D4AE31931C95300402040 /* Debug */ = {
			isa = XCBuildConfiguration;
			buildSettings = {
				ASSETCATALOG_COMPILER_APPICON_NAME = AppIcon;
				ASSETCATALOG_COMPILER_LAUNCHIMAGE_NAME = LaunchImage;
				GCC_PRECOMPILE_PREFIX_HEADER = YES;
				GCC_PREFIX_HEADER = "EasyData/EasyData-Prefix.pch";
				INFOPLIST_FILE = "EasyData/EasyData-Info.plist";
				PRODUCT_NAME = "$(TARGET_NAME)";
				WRAPPER_EXTENSION = app;
			};
			name = Debug;
		};
		B50D4AE41931C95300402040 /* Release */ = {
			isa = XCBuildConfiguration;
			buildSettings = {
				ASSETCATALOG_COMPILER_APPICON_NAME = AppIcon;
				ASSETCATALOG_COMPILER_LAUNCHIMAGE_NAME = LaunchImage;
				GCC_PRECOMPILE_PREFIX_HEADER = YES;
				GCC_PREFIX_HEADER = "EasyData/EasyData-Prefix.pch";
				INFOPLIST_FILE = "EasyData/EasyData-Info.plist";
				PRODUCT_NAME = "$(TARGET_NAME)";
				WRAPPER_EXTENSION = app;
			};
			name = Release;
		};
		B50D4AE61931C95300402040 /* Debug */ = {
			isa = XCBuildConfiguration;
			buildSettings = {
				BUNDLE_LOADER = "$(BUILT_PRODUCTS_DIR)/EasyData.app/EasyData";
				FRAMEWORK_SEARCH_PATHS = (
					"$(SDKROOT)/Developer/Library/Frameworks",
					"$(inherited)",
					"$(DEVELOPER_FRAMEWORKS_DIR)",
				);
				GCC_PRECOMPILE_PREFIX_HEADER = YES;
				GCC_PREFIX_HEADER = "EasyData/EasyData-Prefix.pch";
				GCC_PREPROCESSOR_DEFINITIONS = (
					"DEBUG=1",
					"$(inherited)",
				);
				INFOPLIST_FILE = "EasyDataTests/EasyDataTests-Info.plist";
				PRODUCT_NAME = "$(TARGET_NAME)";
				TEST_HOST = "$(BUNDLE_LOADER)";
				WRAPPER_EXTENSION = xctest;
			};
			name = Debug;
		};
		B50D4AE71931C95300402040 /* Release */ = {
			isa = XCBuildConfiguration;
			buildSettings = {
				BUNDLE_LOADER = "$(BUILT_PRODUCTS_DIR)/EasyData.app/EasyData";
				FRAMEWORK_SEARCH_PATHS = (
					"$(SDKROOT)/Developer/Library/Frameworks",
					"$(inherited)",
					"$(DEVELOPER_FRAMEWORKS_DIR)",
				);
				GCC_PRECOMPILE_PREFIX_HEADER = YES;
				GCC_PREFIX_HEADER = "EasyData/EasyData-Prefix.pch";
				INFOPLIST_FILE = "EasyDataTests/EasyDataTests-Info.plist";
				PRODUCT_NAME = "$(TARGET_NAME)";
				TEST_HOST = "$(BUNDLE_LOADER)";
				WRAPPER_EXTENSION = xctest;
			};
			name = Release;
		};
/* End XCBuildConfiguration section */

/* Begin XCConfigurationList section */
		B50D4AB11931C95200402040 /* Build configuration list for PBXProject "EasyData" */ = {
			isa = XCConfigurationList;
			buildConfigurations = (
				B50D4AE01931C95300402040 /* Debug */,
				B50D4AE11931C95300402040 /* Release */,
			);
			defaultConfigurationIsVisible = 0;
			defaultConfigurationName = Release;
		};
		B50D4AE21931C95300402040 /* Build configuration list for PBXNativeTarget "EasyData" */ = {
			isa = XCConfigurationList;
			buildConfigurations = (
				B50D4AE31931C95300402040 /* Debug */,
				B50D4AE41931C95300402040 /* Release */,
			);
			defaultConfigurationIsVisible = 0;
		};
		B50D4AE51931C95300402040 /* Build configuration list for PBXNativeTarget "EasyDataTests" */ = {
			isa = XCConfigurationList;
			buildConfigurations = (
				B50D4AE61931C95300402040 /* Debug */,
				B50D4AE71931C95300402040 /* Release */,
			);
			defaultConfigurationIsVisible = 0;
		};
/* End XCConfigurationList section */
	};
	rootObject = B50D4AAE1931C95200402040 /* Project object */;
}
